
Microsoft Visual Studio Solution File, Format Version 12.00
# Visual Studio 2013
VisualStudioVersion = 12.0.30723.0
MinimumVisualStudioVersion = 10.0.40219.1
Project("{FAE04EC0-301F-11D3-BF4B-00C04F79EFBC}") = "SFBUS.Interfaces", "SFBUS.Interfaces\SFBUS.Interfaces.csproj", "{9DC4EE13-E13C-4490-BD95-EC034B695E2E}"
EndProject
Project("{FAE04EC0-301F-11D3-BF4B-00C04F79EFBC}") = "SFBUS", "SFBUS\SFBUS.csproj", "{4D98227F-988C-47AF-927A-B61F49EB66C8}"
EndProject
Project("{FAE04EC0-301F-11D3-BF4B-00C04F79EFBC}") = "SFBUS.Tests", "SFBUS.Tests\SFBUS.Tests.csproj", "{CE8452BB-05A8-4B1C-9B96-54ACC0E82563}"
EndProject
Global
	GlobalSection(SolutionConfigurationPlatforms) = preSolution
		Debug|Any CPU = Debug|Any CPU
		Release|Any CPU = Release|Any CPU
	EndGlobalSection
	GlobalSection(ProjectConfigurationPlatforms) = postSolution
		{9DC4EE13-E13C-4490-BD95-EC034B695E2E}.Debug|Any CPU.ActiveCfg = Debug|Any CPU
		{9DC4EE13-E13C-4490-BD95-EC034B695E2E}.Debug|Any CPU.Build.0 = Debug|Any CPU
		{9DC4EE13-E13C-4490-BD95-EC034B695E2E}.Release|Any CPU.ActiveCfg = Release|Any CPU
		{9DC4EE13-E13C-4490-BD95-EC034B695E2E}.Release|Any CPU.Build.0 = Release|Any CPU
		{4D98227F-988C-47AF-927A-B61F49EB66C8}.Debug|Any CPU.ActiveCfg = Debug|Any CPU
		{4D98227F-988C-47AF-927A-B61F49EB66C8}.Debug|Any CPU.Build.0 = Debug|Any CPU
		{4D98227F-988C-47AF-927A-B61F49EB66C8}.Release|Any CPU.ActiveCfg = Release|Any CPU
		{4D98227F-988C-47AF-927A-B61F49EB66C8}.Release|Any CPU.Build.0 = Release|Any CPU
		{CE8452BB-05A8-4B1C-9B96-54ACC0E82563}.Debug|Any CPU.ActiveCfg = Debug|Any CPU
		{CE8452BB-05A8-4B1C-9B96-54ACC0E82563}.Debug|Any CPU.Build.0 = Debug|Any CPU
		{CE8452BB-05A8-4B1C-9B96-54ACC0E82563}.Release|Any CPU.ActiveCfg = Release|Any CPU
		{CE8452BB-05A8-4B1C-9B96-54ACC0E82563}.Release|Any CPU.Build.0 = Release|Any CPU
	EndGlobalSection
	GlobalSection(SolutionProperties) = preSolution
		HideSolutionNode = FALSE
	EndGlobalSection
EndGlobal
